// !$*UTF8*$!
{
	archiveVersion = 1;
	classes = {
	};
	objectVersion = 56;
	objects = {

/* Begin PBXBuildFile section */
		57751D812C43260300AF5AE5 /* WeatherAppApp.swift in Sources */ = {isa = PBXBuildFile; fileRef = 57751D802C43260300AF5AE5 /* WeatherAppApp.swift */; };
		57751D832C43260300AF5AE5 /* ContentView.swift in Sources */ = {isa = PBXBuildFile; fileRef = 57751D822C43260300AF5AE5 /* ContentView.swift */; };
		57751D852C43260400AF5AE5 /* Assets.xcassets in Resources */ = {isa = PBXBuildFile; fileRef = 57751D842C43260400AF5AE5 /* Assets.xcassets */; };
		57751D882C43260400AF5AE5 /* Preview Assets.xcassets in Resources */ = {isa = PBXBuildFile; fileRef = 57751D872C43260400AF5AE5 /* Preview Assets.xcassets */; };
		57751D922C43260400AF5AE5 /* WeatherAppTests.swift in Sources */ = {isa = PBXBuildFile; fileRef = 57751D912C43260400AF5AE5 /* WeatherAppTests.swift */; };
		57751D9C2C43260400AF5AE5 /* WeatherAppUITests.swift in Sources */ = {isa = PBXBuildFile; fileRef = 57751D9B2C43260400AF5AE5 /* WeatherAppUITests.swift */; };
		57751D9E2C43260400AF5AE5 /* WeatherAppUITestsLaunchTests.swift in Sources */ = {isa = PBXBuildFile; fileRef = 57751D9D2C43260400AF5AE5 /* WeatherAppUITestsLaunchTests.swift */; };
		57751DAD2C43285000AF5AE5 /* CurrentWeatherResponse.swift in Sources */ = {isa = PBXBuildFile; fileRef = 57751DAC2C43285000AF5AE5 /* CurrentWeatherResponse.swift */; };
		57751DAF2C432A5100AF5AE5 /* WeatherForecastResponse.swift in Sources */ = {isa = PBXBuildFile; fileRef = 57751DAE2C432A5100AF5AE5 /* WeatherForecastResponse.swift */; };
		57751DB12C432B1C00AF5AE5 /* Weather.swift in Sources */ = {isa = PBXBuildFile; fileRef = 57751DB02C432B1C00AF5AE5 /* Weather.swift */; };
		57751DB32C432B2E00AF5AE5 /* Main.swift in Sources */ = {isa = PBXBuildFile; fileRef = 57751DB22C432B2E00AF5AE5 /* Main.swift */; };
		57751DB52C432B4B00AF5AE5 /* WeatherService.swift in Sources */ = {isa = PBXBuildFile; fileRef = 57751DB42C432B4B00AF5AE5 /* WeatherService.swift */; };
		57751DB72C43343200AF5AE5 /* LocationService.swift in Sources */ = {isa = PBXBuildFile; fileRef = 57751DB62C43343200AF5AE5 /* LocationService.swift */; };
		57751DB92C4337E800AF5AE5 /* AsyncNetworkService.swift in Sources */ = {isa = PBXBuildFile; fileRef = 57751DB82C4337E800AF5AE5 /* AsyncNetworkService.swift */; };
		5FB8B50E2C44549C001625EC /* WeatherInformationRepository.swift in Sources */ = {isa = PBXBuildFile; fileRef = 5FB8B50D2C44549C001625EC /* WeatherInformationRepository.swift */; };
		5FB8B5112C445511001625EC /* CurrentWeatherDTO.swift in Sources */ = {isa = PBXBuildFile; fileRef = 5FB8B5102C445511001625EC /* CurrentWeatherDTO.swift */; };
		5FB8B5152C4457A5001625EC /* Factory in Frameworks */ = {isa = PBXBuildFile; productRef = 5FB8B5142C4457A5001625EC /* Factory */; };
		5FB8B5182C44593B001625EC /* WeatherForecastDTO.swift in Sources */ = {isa = PBXBuildFile; fileRef = 5FB8B5172C44593B001625EC /* WeatherForecastDTO.swift */; };
		5FB8B5212C4468DB001625EC /* DateUtil.swift in Sources */ = {isa = PBXBuildFile; fileRef = 5FB8B5202C4468DB001625EC /* DateUtil.swift */; };
		5FE7D4B72C45986000FF05B2 /* LocationPermissionRequestView.swift in Sources */ = {isa = PBXBuildFile; fileRef = 5FE7D4B62C45986000FF05B2 /* LocationPermissionRequestView.swift */; };
		5FE7D4BA2C45A86C00FF05B2 /* WeatherView.swift in Sources */ = {isa = PBXBuildFile; fileRef = 5FE7D4B92C45A86C00FF05B2 /* WeatherView.swift */; };
		5FE7D4BC2C45AD1900FF05B2 /* WeatherViewModel.swift in Sources */ = {isa = PBXBuildFile; fileRef = 5FE7D4BB2C45AD1900FF05B2 /* WeatherViewModel.swift */; };
/* End PBXBuildFile section */

/* Begin PBXContainerItemProxy section */
		57751D8E2C43260400AF5AE5 /* PBXContainerItemProxy */ = {
			isa = PBXContainerItemProxy;
			containerPortal = 57751D752C43260300AF5AE5 /* Project object */;
			proxyType = 1;
			remoteGlobalIDString = 57751D7C2C43260300AF5AE5;
			remoteInfo = WeatherApp;
		};
		57751D982C43260400AF5AE5 /* PBXContainerItemProxy */ = {
			isa = PBXContainerItemProxy;
			containerPortal = 57751D752C43260300AF5AE5 /* Project object */;
			proxyType = 1;
			remoteGlobalIDString = 57751D7C2C43260300AF5AE5;
			remoteInfo = WeatherApp;
		};
/* End PBXContainerItemProxy section */

/* Begin PBXFileReference section */
		57751D7D2C43260300AF5AE5 /* WeatherApp.app */ = {isa = PBXFileReference; explicitFileType = wrapper.application; includeInIndex = 0; path = WeatherApp.app; sourceTree = BUILT_PRODUCTS_DIR; };
		57751D802C43260300AF5AE5 /* WeatherAppApp.swift */ = {isa = PBXFileReference; lastKnownFileType = sourcecode.swift; path = WeatherAppApp.swift; sourceTree = "<group>"; };
		57751D822C43260300AF5AE5 /* ContentView.swift */ = {isa = PBXFileReference; lastKnownFileType = sourcecode.swift; path = ContentView.swift; sourceTree = "<group>"; };
		57751D842C43260400AF5AE5 /* Assets.xcassets */ = {isa = PBXFileReference; lastKnownFileType = folder.assetcatalog; path = Assets.xcassets; sourceTree = "<group>"; };
		57751D872C43260400AF5AE5 /* Preview Assets.xcassets */ = {isa = PBXFileReference; lastKnownFileType = folder.assetcatalog; path = "Preview Assets.xcassets"; sourceTree = "<group>"; };
		57751D8D2C43260400AF5AE5 /* WeatherAppTests.xctest */ = {isa = PBXFileReference; explicitFileType = wrapper.cfbundle; includeInIndex = 0; path = WeatherAppTests.xctest; sourceTree = BUILT_PRODUCTS_DIR; };
		57751D912C43260400AF5AE5 /* WeatherAppTests.swift */ = {isa = PBXFileReference; lastKnownFileType = sourcecode.swift; path = WeatherAppTests.swift; sourceTree = "<group>"; };
		57751D972C43260400AF5AE5 /* WeatherAppUITests.xctest */ = {isa = PBXFileReference; explicitFileType = wrapper.cfbundle; includeInIndex = 0; path = WeatherAppUITests.xctest; sourceTree = BUILT_PRODUCTS_DIR; };
		57751D9B2C43260400AF5AE5 /* WeatherAppUITests.swift */ = {isa = PBXFileReference; lastKnownFileType = sourcecode.swift; path = WeatherAppUITests.swift; sourceTree = "<group>"; };
		57751D9D2C43260400AF5AE5 /* WeatherAppUITestsLaunchTests.swift */ = {isa = PBXFileReference; lastKnownFileType = sourcecode.swift; path = WeatherAppUITestsLaunchTests.swift; sourceTree = "<group>"; };
		57751DAC2C43285000AF5AE5 /* CurrentWeatherResponse.swift */ = {isa = PBXFileReference; lastKnownFileType = sourcecode.swift; path = CurrentWeatherResponse.swift; sourceTree = "<group>"; };
		57751DAE2C432A5100AF5AE5 /* WeatherForecastResponse.swift */ = {isa = PBXFileReference; lastKnownFileType = sourcecode.swift; path = WeatherForecastResponse.swift; sourceTree = "<group>"; };
		57751DB02C432B1C00AF5AE5 /* Weather.swift */ = {isa = PBXFileReference; lastKnownFileType = sourcecode.swift; path = Weather.swift; sourceTree = "<group>"; };
		57751DB22C432B2E00AF5AE5 /* Main.swift */ = {isa = PBXFileReference; lastKnownFileType = sourcecode.swift; path = Main.swift; sourceTree = "<group>"; };
		57751DB42C432B4B00AF5AE5 /* WeatherService.swift */ = {isa = PBXFileReference; lastKnownFileType = sourcecode.swift; path = WeatherService.swift; sourceTree = "<group>"; };
		57751DB62C43343200AF5AE5 /* LocationService.swift */ = {isa = PBXFileReference; lastKnownFileType = sourcecode.swift; path = LocationService.swift; sourceTree = "<group>"; };
		57751DB82C4337E800AF5AE5 /* AsyncNetworkService.swift */ = {isa = PBXFileReference; lastKnownFileType = sourcecode.swift; path = AsyncNetworkService.swift; sourceTree = "<group>"; };
		5FB8B50D2C44549C001625EC /* WeatherInformationRepository.swift */ = {isa = PBXFileReference; lastKnownFileType = sourcecode.swift; path = WeatherInformationRepository.swift; sourceTree = "<group>"; };
		5FB8B5102C445511001625EC /* CurrentWeatherDTO.swift */ = {isa = PBXFileReference; lastKnownFileType = sourcecode.swift; path = CurrentWeatherDTO.swift; sourceTree = "<group>"; };
		5FB8B5172C44593B001625EC /* WeatherForecastDTO.swift */ = {isa = PBXFileReference; lastKnownFileType = sourcecode.swift; path = WeatherForecastDTO.swift; sourceTree = "<group>"; };
		5FB8B51B2C445E17001625EC /* Info.plist */ = {isa = PBXFileReference; lastKnownFileType = text.plist; path = Info.plist; sourceTree = "<group>"; };
		5FB8B5202C4468DB001625EC /* DateUtil.swift */ = {isa = PBXFileReference; lastKnownFileType = sourcecode.swift; path = DateUtil.swift; sourceTree = "<group>"; };
		5FE7D4B62C45986000FF05B2 /* LocationPermissionRequestView.swift */ = {isa = PBXFileReference; lastKnownFileType = sourcecode.swift; path = LocationPermissionRequestView.swift; sourceTree = "<group>"; };
		5FE7D4B92C45A86C00FF05B2 /* WeatherView.swift */ = {isa = PBXFileReference; lastKnownFileType = sourcecode.swift; path = WeatherView.swift; sourceTree = "<group>"; };
		5FE7D4BB2C45AD1900FF05B2 /* WeatherViewModel.swift */ = {isa = PBXFileReference; lastKnownFileType = sourcecode.swift; path = WeatherViewModel.swift; sourceTree = "<group>"; };
/* End PBXFileReference section */

/* Begin PBXFrameworksBuildPhase section */
		57751D7A2C43260300AF5AE5 /* Frameworks */ = {
			isa = PBXFrameworksBuildPhase;
			buildActionMask = 2147483647;
			files = (
				5FB8B5152C4457A5001625EC /* Factory in Frameworks */,
			);
			runOnlyForDeploymentPostprocessing = 0;
		};
		57751D8A2C43260400AF5AE5 /* Frameworks */ = {
			isa = PBXFrameworksBuildPhase;
			buildActionMask = 2147483647;
			files = (
			);
			runOnlyForDeploymentPostprocessing = 0;
		};
		57751D942C43260400AF5AE5 /* Frameworks */ = {
			isa = PBXFrameworksBuildPhase;
			buildActionMask = 2147483647;
			files = (
			);
			runOnlyForDeploymentPostprocessing = 0;
		};
/* End PBXFrameworksBuildPhase section */

/* Begin PBXGroup section */
		57751D742C43260300AF5AE5 = {
			isa = PBXGroup;
			children = (
				57751D7F2C43260300AF5AE5 /* WeatherApp */,
				57751D902C43260400AF5AE5 /* WeatherAppTests */,
				57751D9A2C43260400AF5AE5 /* WeatherAppUITests */,
				57751D7E2C43260300AF5AE5 /* Products */,
			);
			sourceTree = "<group>";
		};
		57751D7E2C43260300AF5AE5 /* Products */ = {
			isa = PBXGroup;
			children = (
				57751D7D2C43260300AF5AE5 /* WeatherApp.app */,
				57751D8D2C43260400AF5AE5 /* WeatherAppTests.xctest */,
				57751D972C43260400AF5AE5 /* WeatherAppUITests.xctest */,
			);
			name = Products;
			sourceTree = "<group>";
		};
		57751D7F2C43260300AF5AE5 /* WeatherApp */ = {
			isa = PBXGroup;
			children = (
				5FE7D4B32C45950D00FF05B2 /* ViewModel */,
				5FB8B51F2C4468CD001625EC /* Util */,
				5FB8B51B2C445E17001625EC /* Info.plist */,
				5FB8B50C2C44547A001625EC /* Repository */,
				57751DAB2C4327A400AF5AE5 /* Model */,
				57751DAA2C43279B00AF5AE5 /* Service */,
				57751D802C43260300AF5AE5 /* WeatherAppApp.swift */,
				57751D822C43260300AF5AE5 /* ContentView.swift */,
				5FE7D4B62C45986000FF05B2 /* LocationPermissionRequestView.swift */,
				57751D842C43260400AF5AE5 /* Assets.xcassets */,
				57751D862C43260400AF5AE5 /* Preview Content */,
				5FE7D4B92C45A86C00FF05B2 /* WeatherView.swift */,
			);
			path = WeatherApp;
			sourceTree = "<group>";
		};
		57751D862C43260400AF5AE5 /* Preview Content */ = {
			isa = PBXGroup;
			children = (
				57751D872C43260400AF5AE5 /* Preview Assets.xcassets */,
			);
			path = "Preview Content";
			sourceTree = "<group>";
		};
		57751D902C43260400AF5AE5 /* WeatherAppTests */ = {
			isa = PBXGroup;
			children = (
				57751D912C43260400AF5AE5 /* WeatherAppTests.swift */,
			);
			path = WeatherAppTests;
			sourceTree = "<group>";
		};
		57751D9A2C43260400AF5AE5 /* WeatherAppUITests */ = {
			isa = PBXGroup;
			children = (
				57751D9B2C43260400AF5AE5 /* WeatherAppUITests.swift */,
				57751D9D2C43260400AF5AE5 /* WeatherAppUITestsLaunchTests.swift */,
			);
			path = WeatherAppUITests;
			sourceTree = "<group>";
		};
		57751DAA2C43279B00AF5AE5 /* Service */ = {
			isa = PBXGroup;
			children = (
				57751DB42C432B4B00AF5AE5 /* WeatherService.swift */,
				57751DB62C43343200AF5AE5 /* LocationService.swift */,
				57751DB82C4337E800AF5AE5 /* AsyncNetworkService.swift */,
			);
			path = Service;
			sourceTree = "<group>";
		};
		57751DAB2C4327A400AF5AE5 /* Model */ = {
			isa = PBXGroup;
			children = (
				57751DAC2C43285000AF5AE5 /* CurrentWeatherResponse.swift */,
				57751DAE2C432A5100AF5AE5 /* WeatherForecastResponse.swift */,
				57751DB02C432B1C00AF5AE5 /* Weather.swift */,
				57751DB22C432B2E00AF5AE5 /* Main.swift */,
				5FB8B5102C445511001625EC /* CurrentWeatherDTO.swift */,
				5FB8B5172C44593B001625EC /* WeatherForecastDTO.swift */,
			);
			path = Model;
			sourceTree = "<group>";
		};
		5FB8B50C2C44547A001625EC /* Repository */ = {
			isa = PBXGroup;
			children = (
				5FB8B50D2C44549C001625EC /* WeatherInformationRepository.swift */,
			);
			path = Repository;
			sourceTree = "<group>";
		};
		5FB8B51F2C4468CD001625EC /* Util */ = {
			isa = PBXGroup;
			children = (
				5FB8B5202C4468DB001625EC /* DateUtil.swift */,
			);
			path = Util;
			sourceTree = "<group>";
		};
		5FE7D4B32C45950D00FF05B2 /* ViewModel */ = {
			isa = PBXGroup;
			children = (
				5FE7D4BB2C45AD1900FF05B2 /* WeatherViewModel.swift */,
			);
			path = ViewModel;
			sourceTree = "<group>";
		};
/* End PBXGroup section */

/* Begin PBXNativeTarget section */
		57751D7C2C43260300AF5AE5 /* WeatherApp */ = {
			isa = PBXNativeTarget;
			buildConfigurationList = 57751DA12C43260400AF5AE5 /* Build configuration list for PBXNativeTarget "WeatherApp" */;
			buildPhases = (
				57751D792C43260300AF5AE5 /* Sources */,
				57751D7A2C43260300AF5AE5 /* Frameworks */,
				57751D7B2C43260300AF5AE5 /* Resources */,
			);
			buildRules = (
			);
			dependencies = (
			);
			name = WeatherApp;
			packageProductDependencies = (
				5FB8B5142C4457A5001625EC /* Factory */,
			);
			productName = WeatherApp;
			productReference = 57751D7D2C43260300AF5AE5 /* WeatherApp.app */;
			productType = "com.apple.product-type.application";
		};
		57751D8C2C43260400AF5AE5 /* WeatherAppTests */ = {
			isa = PBXNativeTarget;
			buildConfigurationList = 57751DA42C43260400AF5AE5 /* Build configuration list for PBXNativeTarget "WeatherAppTests" */;
			buildPhases = (
				57751D892C43260400AF5AE5 /* Sources */,
				57751D8A2C43260400AF5AE5 /* Frameworks */,
				57751D8B2C43260400AF5AE5 /* Resources */,
			);
			buildRules = (
			);
			dependencies = (
				57751D8F2C43260400AF5AE5 /* PBXTargetDependency */,
			);
			name = WeatherAppTests;
			productName = WeatherAppTests;
			productReference = 57751D8D2C43260400AF5AE5 /* WeatherAppTests.xctest */;
			productType = "com.apple.product-type.bundle.unit-test";
		};
		57751D962C43260400AF5AE5 /* WeatherAppUITests */ = {
			isa = PBXNativeTarget;
			buildConfigurationList = 57751DA72C43260400AF5AE5 /* Build configuration list for PBXNativeTarget "WeatherAppUITests" */;
			buildPhases = (
				57751D932C43260400AF5AE5 /* Sources */,
				57751D942C43260400AF5AE5 /* Frameworks */,
				57751D952C43260400AF5AE5 /* Resources */,
			);
			buildRules = (
			);
			dependencies = (
				57751D992C43260400AF5AE5 /* PBXTargetDependency */,
			);
			name = WeatherAppUITests;
			productName = WeatherAppUITests;
			productReference = 57751D972C43260400AF5AE5 /* WeatherAppUITests.xctest */;
			productType = "com.apple.product-type.bundle.ui-testing";
		};
/* End PBXNativeTarget section */

/* Begin PBXProject section */
		57751D752C43260300AF5AE5 /* Project object */ = {
			isa = PBXProject;
			attributes = {
				BuildIndependentTargetsInParallel = 1;
				LastSwiftUpdateCheck = 1540;
				LastUpgradeCheck = 1540;
				TargetAttributes = {
					57751D7C2C43260300AF5AE5 = {
						CreatedOnToolsVersion = 15.4;
					};
					57751D8C2C43260400AF5AE5 = {
						CreatedOnToolsVersion = 15.4;
						TestTargetID = 57751D7C2C43260300AF5AE5;
					};
					57751D962C43260400AF5AE5 = {
						CreatedOnToolsVersion = 15.4;
						TestTargetID = 57751D7C2C43260300AF5AE5;
					};
				};
			};
			buildConfigurationList = 57751D782C43260300AF5AE5 /* Build configuration list for PBXProject "WeatherApp" */;
			compatibilityVersion = "Xcode 14.0";
			developmentRegion = en;
			hasScannedForEncodings = 0;
			knownRegions = (
				en,
				Base,
			);
			mainGroup = 57751D742C43260300AF5AE5;
			packageReferences = (
				5FB8B5122C44573B001625EC /* XCRemoteSwiftPackageReference "Factory" */,
			);
			productRefGroup = 57751D7E2C43260300AF5AE5 /* Products */;
			projectDirPath = "";
			projectRoot = "";
			targets = (
				57751D7C2C43260300AF5AE5 /* WeatherApp */,
				57751D8C2C43260400AF5AE5 /* WeatherAppTests */,
				57751D962C43260400AF5AE5 /* WeatherAppUITests */,
			);
		};
/* End PBXProject section */

/* Begin PBXResourcesBuildPhase section */
		57751D7B2C43260300AF5AE5 /* Resources */ = {
			isa = PBXResourcesBuildPhase;
			buildActionMask = 2147483647;
			files = (
				57751D882C43260400AF5AE5 /* Preview Assets.xcassets in Resources */,
				57751D852C43260400AF5AE5 /* Assets.xcassets in Resources */,
			);
			runOnlyForDeploymentPostprocessing = 0;
		};
		57751D8B2C43260400AF5AE5 /* Resources */ = {
			isa = PBXResourcesBuildPhase;
			buildActionMask = 2147483647;
			files = (
			);
			runOnlyForDeploymentPostprocessing = 0;
		};
		57751D952C43260400AF5AE5 /* Resources */ = {
			isa = PBXResourcesBuildPhase;
			buildActionMask = 2147483647;
			files = (
			);
			runOnlyForDeploymentPostprocessing = 0;
		};
/* End PBXResourcesBuildPhase section */

/* Begin PBXSourcesBuildPhase section */
		57751D792C43260300AF5AE5 /* Sources */ = {
			isa = PBXSourcesBuildPhase;
			buildActionMask = 2147483647;
			files = (
				5FE7D4BA2C45A86C00FF05B2 /* WeatherView.swift in Sources */,
				57751DB32C432B2E00AF5AE5 /* Main.swift in Sources */,
				57751DB92C4337E800AF5AE5 /* AsyncNetworkService.swift in Sources */,
				57751DAF2C432A5100AF5AE5 /* WeatherForecastResponse.swift in Sources */,
				5FE7D4B72C45986000FF05B2 /* LocationPermissionRequestView.swift in Sources */,
				57751DB72C43343200AF5AE5 /* LocationService.swift in Sources */,
				5FB8B5112C445511001625EC /* CurrentWeatherDTO.swift in Sources */,
				57751DAD2C43285000AF5AE5 /* CurrentWeatherResponse.swift in Sources */,
				5FB8B50E2C44549C001625EC /* WeatherInformationRepository.swift in Sources */,
				57751D832C43260300AF5AE5 /* ContentView.swift in Sources */,
				57751D812C43260300AF5AE5 /* WeatherAppApp.swift in Sources */,
				57751DB12C432B1C00AF5AE5 /* Weather.swift in Sources */,
				57751DB52C432B4B00AF5AE5 /* WeatherService.swift in Sources */,
				5FE7D4BC2C45AD1900FF05B2 /* WeatherViewModel.swift in Sources */,
				5FB8B5182C44593B001625EC /* WeatherForecastDTO.swift in Sources */,
				5FB8B5212C4468DB001625EC /* DateUtil.swift in Sources */,
			);
			runOnlyForDeploymentPostprocessing = 0;
		};
		57751D892C43260400AF5AE5 /* Sources */ = {
			isa = PBXSourcesBuildPhase;
			buildActionMask = 2147483647;
			files = (
				57751D922C43260400AF5AE5 /* WeatherAppTests.swift in Sources */,
			);
			runOnlyForDeploymentPostprocessing = 0;
		};
		57751D932C43260400AF5AE5 /* Sources */ = {
			isa = PBXSourcesBuildPhase;
			buildActionMask = 2147483647;
			files = (
				57751D9C2C43260400AF5AE5 /* WeatherAppUITests.swift in Sources */,
				57751D9E2C43260400AF5AE5 /* WeatherAppUITestsLaunchTests.swift in Sources */,
			);
			runOnlyForDeploymentPostprocessing = 0;
		};
/* End PBXSourcesBuildPhase section */

/* Begin PBXTargetDependency section */
		57751D8F2C43260400AF5AE5 /* PBXTargetDependency */ = {
			isa = PBXTargetDependency;
			target = 57751D7C2C43260300AF5AE5 /* WeatherApp */;
			targetProxy = 57751D8E2C43260400AF5AE5 /* PBXContainerItemProxy */;
		};
		57751D992C43260400AF5AE5 /* PBXTargetDependency */ = {
			isa = PBXTargetDependency;
			target = 57751D7C2C43260300AF5AE5 /* WeatherApp */;
			targetProxy = 57751D982C43260400AF5AE5 /* PBXContainerItemProxy */;
		};
/* End PBXTargetDependency section */

/* Begin XCBuildConfiguration section */
		57751D9F2C43260400AF5AE5 /* Debug */ = {
			isa = XCBuildConfiguration;
			buildSettings = {
				ALWAYS_SEARCH_USER_PATHS = NO;
				ASSETCATALOG_COMPILER_GENERATE_SWIFT_ASSET_SYMBOL_EXTENSIONS = YES;
				CLANG_ANALYZER_NONNULL = YES;
				CLANG_ANALYZER_NUMBER_OBJECT_CONVERSION = YES_AGGRESSIVE;
				CLANG_CXX_LANGUAGE_STANDARD = "gnu++20";
				CLANG_ENABLE_MODULES = YES;
				CLANG_ENABLE_OBJC_ARC = YES;
				CLANG_ENABLE_OBJC_WEAK = YES;
				CLANG_WARN_BLOCK_CAPTURE_AUTORELEASING = YES;
				CLANG_WARN_BOOL_CONVERSION = YES;
				CLANG_WARN_COMMA = YES;
				CLANG_WARN_CONSTANT_CONVERSION = YES;
				CLANG_WARN_DEPRECATED_OBJC_IMPLEMENTATIONS = YES;
				CLANG_WARN_DIRECT_OBJC_ISA_USAGE = YES_ERROR;
				CLANG_WARN_DOCUMENTATION_COMMENTS = YES;
				CLANG_WARN_EMPTY_BODY = YES;
				CLANG_WARN_ENUM_CONVERSION = YES;
				CLANG_WARN_INFINITE_RECURSION = YES;
				CLANG_WARN_INT_CONVERSION = YES;
				CLANG_WARN_NON_LITERAL_NULL_CONVERSION = YES;
				CLANG_WARN_OBJC_IMPLICIT_RETAIN_SELF = YES;
				CLANG_WARN_OBJC_LITERAL_CONVERSION = YES;
				CLANG_WARN_OBJC_ROOT_CLASS = YES_ERROR;
				CLANG_WARN_QUOTED_INCLUDE_IN_FRAMEWORK_HEADER = YES;
				CLANG_WARN_RANGE_LOOP_ANALYSIS = YES;
				CLANG_WARN_STRICT_PROTOTYPES = YES;
				CLANG_WARN_SUSPICIOUS_MOVE = YES;
				CLANG_WARN_UNGUARDED_AVAILABILITY = YES_AGGRESSIVE;
				CLANG_WARN_UNREACHABLE_CODE = YES;
				CLANG_WARN__DUPLICATE_METHOD_MATCH = YES;
				COPY_PHASE_STRIP = NO;
				DEBUG_INFORMATION_FORMAT = dwarf;
				ENABLE_STRICT_OBJC_MSGSEND = YES;
				ENABLE_TESTABILITY = YES;
				ENABLE_USER_SCRIPT_SANDBOXING = YES;
				GCC_C_LANGUAGE_STANDARD = gnu17;
				GCC_DYNAMIC_NO_PIC = NO;
				GCC_NO_COMMON_BLOCKS = YES;
				GCC_OPTIMIZATION_LEVEL = 0;
				GCC_PREPROCESSOR_DEFINITIONS = (
					"DEBUG=1",
					"$(inherited)",
				);
				GCC_WARN_64_TO_32_BIT_CONVERSION = YES;
				GCC_WARN_ABOUT_RETURN_TYPE = YES_ERROR;
				GCC_WARN_UNDECLARED_SELECTOR = YES;
				GCC_WARN_UNINITIALIZED_AUTOS = YES_AGGRESSIVE;
				GCC_WARN_UNUSED_FUNCTION = YES;
				GCC_WARN_UNUSED_VARIABLE = YES;
				IPHONEOS_DEPLOYMENT_TARGET = 17.5;
				LOCALIZATION_PREFERS_STRING_CATALOGS = YES;
				MTL_ENABLE_DEBUG_INFO = INCLUDE_SOURCE;
				MTL_FAST_MATH = YES;
				ONLY_ACTIVE_ARCH = YES;
				SDKROOT = iphoneos;
				SWIFT_ACTIVE_COMPILATION_CONDITIONS = "DEBUG $(inherited)";
				SWIFT_OPTIMIZATION_LEVEL = "-Onone";
			};
			name = Debug;
		};
		57751DA02C43260400AF5AE5 /* Release */ = {
			isa = XCBuildConfiguration;
			buildSettings = {
				ALWAYS_SEARCH_USER_PATHS = NO;
				ASSETCATALOG_COMPILER_GENERATE_SWIFT_ASSET_SYMBOL_EXTENSIONS = YES;
				CLANG_ANALYZER_NONNULL = YES;
				CLANG_ANALYZER_NUMBER_OBJECT_CONVERSION = YES_AGGRESSIVE;
				CLANG_CXX_LANGUAGE_STANDARD = "gnu++20";
				CLANG_ENABLE_MODULES = YES;
				CLANG_ENABLE_OBJC_ARC = YES;
				CLANG_ENABLE_OBJC_WEAK = YES;
				CLANG_WARN_BLOCK_CAPTURE_AUTORELEASING = YES;
				CLANG_WARN_BOOL_CONVERSION = YES;
				CLANG_WARN_COMMA = YES;
				CLANG_WARN_CONSTANT_CONVERSION = YES;
				CLANG_WARN_DEPRECATED_OBJC_IMPLEMENTATIONS = YES;
				CLANG_WARN_DIRECT_OBJC_ISA_USAGE = YES_ERROR;
				CLANG_WARN_DOCUMENTATION_COMMENTS = YES;
				CLANG_WARN_EMPTY_BODY = YES;
				CLANG_WARN_ENUM_CONVERSION = YES;
				CLANG_WARN_INFINITE_RECURSION = YES;
				CLANG_WARN_INT_CONVERSION = YES;
				CLANG_WARN_NON_LITERAL_NULL_CONVERSION = YES;
				CLANG_WARN_OBJC_IMPLICIT_RETAIN_SELF = YES;
				CLANG_WARN_OBJC_LITERAL_CONVERSION = YES;
				CLANG_WARN_OBJC_ROOT_CLASS = YES_ERROR;
				CLANG_WARN_QUOTED_INCLUDE_IN_FRAMEWORK_HEADER = YES;
				CLANG_WARN_RANGE_LOOP_ANALYSIS = YES;
				CLANG_WARN_STRICT_PROTOTYPES = YES;
				CLANG_WARN_SUSPICIOUS_MOVE = YES;
				CLANG_WARN_UNGUARDED_AVAILABILITY = YES_AGGRESSIVE;
				CLANG_WARN_UNREACHABLE_CODE = YES;
				CLANG_WARN__DUPLICATE_METHOD_MATCH = YES;
				COPY_PHASE_STRIP = NO;
				DEBUG_INFORMATION_FORMAT = "dwarf-with-dsym";
				ENABLE_NS_ASSERTIONS = NO;
				ENABLE_STRICT_OBJC_MSGSEND = YES;
				ENABLE_USER_SCRIPT_SANDBOXING = YES;
				GCC_C_LANGUAGE_STANDARD = gnu17;
				GCC_NO_COMMON_BLOCKS = YES;
				GCC_WARN_64_TO_32_BIT_CONVERSION = YES;
				GCC_WARN_ABOUT_RETURN_TYPE = YES_ERROR;
				GCC_WARN_UNDECLARED_SELECTOR = YES;
				GCC_WARN_UNINITIALIZED_AUTOS = YES_AGGRESSIVE;
				GCC_WARN_UNUSED_FUNCTION = YES;
				GCC_WARN_UNUSED_VARIABLE = YES;
				IPHONEOS_DEPLOYMENT_TARGET = 17.5;
				LOCALIZATION_PREFERS_STRING_CATALOGS = YES;
				MTL_ENABLE_DEBUG_INFO = NO;
				MTL_FAST_MATH = YES;
				SDKROOT = iphoneos;
				SWIFT_COMPILATION_MODE = wholemodule;
				VALIDATE_PRODUCT = YES;
			};
			name = Release;
		};
		57751DA22C43260400AF5AE5 /* Debug */ = {
			isa = XCBuildConfiguration;
			buildSettings = {
				ASSETCATALOG_COMPILER_APPICON_NAME = AppIcon;
				ASSETCATALOG_COMPILER_GLOBAL_ACCENT_COLOR_NAME = AccentColor;
				CODE_SIGN_STYLE = Automatic;
				CURRENT_PROJECT_VERSION = 1;
				DEVELOPMENT_ASSET_PATHS = "\"WeatherApp/Preview Content\"";
				DEVELOPMENT_TEAM = FARSV6438P;
				ENABLE_PREVIEWS = YES;
				GENERATE_INFOPLIST_FILE = YES;
				INFOPLIST_FILE = WeatherApp/Info.plist;
				INFOPLIST_KEY_NSLocationWhenInUseUsageDescription = "To display weather at your location";
				INFOPLIST_KEY_UIApplicationSceneManifest_Generation = YES;
				INFOPLIST_KEY_UIApplicationSupportsIndirectInputEvents = YES;
				INFOPLIST_KEY_UILaunchScreen_Generation = YES;
				INFOPLIST_KEY_UISupportedInterfaceOrientations_iPad = "UIInterfaceOrientationPortrait UIInterfaceOrientationPortraitUpsideDown UIInterfaceOrientationLandscapeLeft UIInterfaceOrientationLandscapeRight";
				INFOPLIST_KEY_UISupportedInterfaceOrientations_iPhone = "UIInterfaceOrientationPortrait UIInterfaceOrientationLandscapeLeft UIInterfaceOrientationLandscapeRight";
				IPHONEOS_DEPLOYMENT_TARGET = 17.2;
				LD_RUNPATH_SEARCH_PATHS = (
					"$(inherited)",
					"@executable_path/Frameworks",
				);
				MARKETING_VERSION = 1.0;
				PRODUCT_BUNDLE_IDENTIFIER = com.govender.kevashan.WeatherApp;
				PRODUCT_NAME = "$(TARGET_NAME)";
				SWIFT_EMIT_LOC_STRINGS = YES;
				SWIFT_VERSION = 5.0;
				TARGETED_DEVICE_FAMILY = "1,2";
			};
			name = Debug;
		};
		57751DA32C43260400AF5AE5 /* Release */ = {
			isa = XCBuildConfiguration;
			buildSettings = {
				ASSETCATALOG_COMPILER_APPICON_NAME = AppIcon;
				ASSETCATALOG_COMPILER_GLOBAL_ACCENT_COLOR_NAME = AccentColor;
				CODE_SIGN_STYLE = Automatic;
				CURRENT_PROJECT_VERSION = 1;
				DEVELOPMENT_ASSET_PATHS = "\"WeatherApp/Preview Content\"";
				DEVELOPMENT_TEAM = FARSV6438P;
				ENABLE_PREVIEWS = YES;
				GENERATE_INFOPLIST_FILE = YES;
				INFOPLIST_FILE = WeatherApp/Info.plist;
				INFOPLIST_KEY_NSLocationWhenInUseUsageDescription = "To display weather at your location";
				INFOPLIST_KEY_UIApplicationSceneManifest_Generation = YES;
				INFOPLIST_KEY_UIApplicationSupportsIndirectInputEvents = YES;
				INFOPLIST_KEY_UILaunchScreen_Generation = YES;
				INFOPLIST_KEY_UISupportedInterfaceOrientations_iPad = "UIInterfaceOrientationPortrait UIInterfaceOrientationPortraitUpsideDown UIInterfaceOrientationLandscapeLeft UIInterfaceOrientationLandscapeRight";
				INFOPLIST_KEY_UISupportedInterfaceOrientations_iPhone = "UIInterfaceOrientationPortrait UIInterfaceOrientationLandscapeLeft UIInterfaceOrientationLandscapeRight";
				IPHONEOS_DEPLOYMENT_TARGET = 17.2;
				LD_RUNPATH_SEARCH_PATHS = (
					"$(inherited)",
					"@executable_path/Frameworks",
				);
				MARKETING_VERSION = 1.0;
				PRODUCT_BUNDLE_IDENTIFIER = com.govender.kevashan.WeatherApp;
				PRODUCT_NAME = "$(TARGET_NAME)";
				SWIFT_EMIT_LOC_STRINGS = YES;
				SWIFT_VERSION = 5.0;
				TARGETED_DEVICE_FAMILY = "1,2";
			};
			name = Release;
		};
		57751DA52C43260400AF5AE5 /* Debug */ = {
			isa = XCBuildConfiguration;
			buildSettings = {
				ALWAYS_EMBED_SWIFT_STANDARD_LIBRARIES = YES;
				BUNDLE_LOADER = "$(TEST_HOST)";
				CODE_SIGN_STYLE = Automatic;
				CURRENT_PROJECT_VERSION = 1;
				DEVELOPMENT_TEAM = FARSV6438P;
				GENERATE_INFOPLIST_FILE = YES;
				IPHONEOS_DEPLOYMENT_TARGET = 17.5;
				MARKETING_VERSION = 1.0;
				PRODUCT_BUNDLE_IDENTIFIER = com.govender.kevashan.WeatherAppTests;
				PRODUCT_NAME = "$(TARGET_NAME)";
				SWIFT_EMIT_LOC_STRINGS = NO;
				SWIFT_VERSION = 5.0;
				TARGETED_DEVICE_FAMILY = "1,2";
				TEST_HOST = "$(BUILT_PRODUCTS_DIR)/WeatherApp.app/$(BUNDLE_EXECUTABLE_FOLDER_PATH)/WeatherApp";
			};
			name = Debug;
		};
		57751DA62C43260400AF5AE5 /* Release */ = {
			isa = XCBuildConfiguration;
			buildSettings = {
				ALWAYS_EMBED_SWIFT_STANDARD_LIBRARIES = YES;
				BUNDLE_LOADER = "$(TEST_HOST)";
				CODE_SIGN_STYLE = Automatic;
				CURRENT_PROJECT_VERSION = 1;
				DEVELOPMENT_TEAM = FARSV6438P;
				GENERATE_INFOPLIST_FILE = YES;
				IPHONEOS_DEPLOYMENT_TARGET = 17.5;
				MARKETING_VERSION = 1.0;
				PRODUCT_BUNDLE_IDENTIFIER = com.govender.kevashan.WeatherAppTests;
				PRODUCT_NAME = "$(TARGET_NAME)";
				SWIFT_EMIT_LOC_STRINGS = NO;
				SWIFT_VERSION = 5.0;
				TARGETED_DEVICE_FAMILY = "1,2";
				TEST_HOST = "$(BUILT_PRODUCTS_DIR)/WeatherApp.app/$(BUNDLE_EXECUTABLE_FOLDER_PATH)/WeatherApp";
			};
			name = Release;
		};
		57751DA82C43260400AF5AE5 /* Debug */ = {
			isa = XCBuildConfiguration;
			buildSettings = {
				ALWAYS_EMBED_SWIFT_STANDARD_LIBRARIES = YES;
				CODE_SIGN_STYLE = Automatic;
				CURRENT_PROJECT_VERSION = 1;
				DEVELOPMENT_TEAM = FARSV6438P;
				GENERATE_INFOPLIST_FILE = YES;
				MARKETING_VERSION = 1.0;
				PRODUCT_BUNDLE_IDENTIFIER = com.govender.kevashan.WeatherAppUITests;
				PRODUCT_NAME = "$(TARGET_NAME)";
				SWIFT_EMIT_LOC_STRINGS = NO;
				SWIFT_VERSION = 5.0;
				TARGETED_DEVICE_FAMILY = "1,2";
				TEST_TARGET_NAME = WeatherApp;
			};
			name = Debug;
		};
		57751DA92C43260400AF5AE5 /* Release */ = {
			isa = XCBuildConfiguration;
			buildSettings = {
				ALWAYS_EMBED_SWIFT_STANDARD_LIBRARIES = YES;
				CODE_SIGN_STYLE = Automatic;
				CURRENT_PROJECT_VERSION = 1;
				DEVELOPMENT_TEAM = FARSV6438P;
				GENERATE_INFOPLIST_FILE = YES;
				MARKETING_VERSION = 1.0;
				PRODUCT_BUNDLE_IDENTIFIER = com.govender.kevashan.WeatherAppUITests;
				PRODUCT_NAME = "$(TARGET_NAME)";
				SWIFT_EMIT_LOC_STRINGS = NO;
				SWIFT_VERSION = 5.0;
				TARGETED_DEVICE_FAMILY = "1,2";
				TEST_TARGET_NAME = WeatherApp;
			};
			name = Release;
		};
/* End XCBuildConfiguration section */

/* Begin XCConfigurationList section */
		57751D782C43260300AF5AE5 /* Build configuration list for PBXProject "WeatherApp" */ = {
			isa = XCConfigurationList;
			buildConfigurations = (
				57751D9F2C43260400AF5AE5 /* Debug */,
				57751DA02C43260400AF5AE5 /* Release */,
			);
			defaultConfigurationIsVisible = 0;
			defaultConfigurationName = Release;
		};
		57751DA12C43260400AF5AE5 /* Build configuration list for PBXNativeTarget "WeatherApp" */ = {
			isa = XCConfigurationList;
			buildConfigurations = (
				57751DA22C43260400AF5AE5 /* Debug */,
				57751DA32C43260400AF5AE5 /* Release */,
			);
			defaultConfigurationIsVisible = 0;
			defaultConfigurationName = Release;
		};
		57751DA42C43260400AF5AE5 /* Build configuration list for PBXNativeTarget "WeatherAppTests" */ = {
			isa = XCConfigurationList;
			buildConfigurations = (
				57751DA52C43260400AF5AE5 /* Debug */,
				57751DA62C43260400AF5AE5 /* Release */,
			);
			defaultConfigurationIsVisible = 0;
			defaultConfigurationName = Release;
		};
		57751DA72C43260400AF5AE5 /* Build configuration list for PBXNativeTarget "WeatherAppUITests" */ = {
			isa = XCConfigurationList;
			buildConfigurations = (
				57751DA82C43260400AF5AE5 /* Debug */,
				57751DA92C43260400AF5AE5 /* Release */,
			);
			defaultConfigurationIsVisible = 0;
			defaultConfigurationName = Release;
		};
/* End XCConfigurationList section */

/* Begin XCRemoteSwiftPackageReference section */
		5FB8B5122C44573B001625EC /* XCRemoteSwiftPackageReference "Factory" */ = {
			isa = XCRemoteSwiftPackageReference;
			repositoryURL = "https://github.com/hmlongco/Factory";
			requirement = {
				kind = upToNextMajorVersion;
				minimumVersion = 2.3.2;
			};
		};
/* End XCRemoteSwiftPackageReference section */

/* Begin XCSwiftPackageProductDependency section */
		5FB8B5142C4457A5001625EC /* Factory */ = {
			isa = XCSwiftPackageProductDependency;
			package = 5FB8B5122C44573B001625EC /* XCRemoteSwiftPackageReference "Factory" */;
			productName = Factory;
		};
/* End XCSwiftPackageProductDependency section */
	};
	rootObject = 57751D752C43260300AF5AE5 /* Project object */;
}
